
Microsoft Visual Studio Solution File, Format Version 12.00
# Visual Studio Version 16
VisualStudioVersion = 16.0.30011.22
MinimumVisualStudioVersion = 10.0.40219.1
Project("{FAE04EC0-301F-11D3-BF4B-00C04F79EFBC}") = "GC Lab 8 Classmates VK 4-30-2020", "GC Lab 8 Classmates VK 4-30-2020\GC Lab 8 Classmates VK 4-30-2020.csproj", "{DD08C743-BD4E-40E6-9F97-9A9616618F48}"
EndProject
Global
	GlobalSection(SolutionConfigurationPlatforms) = preSolution
		Debug|Any CPU = Debug|Any CPU
		Release|Any CPU = Release|Any CPU
	EndGlobalSection
	GlobalSection(ProjectConfigurationPlatforms) = postSolution
		{DD08C743-BD4E-40E6-9F97-9A9616618F48}.Debug|Any CPU.ActiveCfg = Debug|Any CPU
		{DD08C743-BD4E-40E6-9F97-9A9616618F48}.Debug|Any CPU.Build.0 = Debug|Any CPU
		{DD08C743-BD4E-40E6-9F97-9A9616618F48}.Release|Any CPU.ActiveCfg = Release|Any CPU
		{DD08C743-BD4E-40E6-9F97-9A9616618F48}.Release|Any CPU.Build.0 = Release|Any CPU
	EndGlobalSection
	GlobalSection(SolutionProperties) = preSolution
		HideSolutionNode = FALSE
	EndGlobalSection
	GlobalSection(ExtensibilityGlobals) = postSolution
		SolutionGuid = {C091767A-6D7D-4E64-8102-5131D15D5447}
	EndGlobalSection
EndGlobal
